
Microsoft Visual Studio Solution File, Format Version 12.00
# Visual Studio Version 17
VisualStudioVersion = 17.8.34330.188
MinimumVisualStudioVersion = 10.0.40219.1
Project("{FAE04EC0-301F-11D3-BF4B-00C04F79EFBC}") = "MoviesApi", "MoviesApi\MoviesApi.csproj", "{0F0418DC-BF05-470C-A1BF-97008C31CE65}"
EndProject
Global
	GlobalSection(SolutionConfigurationPlatforms) = preSolution
		Debug|Any CPU = Debug|Any CPU
		Release|Any CPU = Release|Any CPU
	EndGlobalSection
	GlobalSection(ProjectConfigurationPlatforms) = postSolution
		{0F0418DC-BF05-470C-A1BF-97008C31CE65}.Debug|Any CPU.ActiveCfg = Debug|Any CPU
		{0F0418DC-BF05-470C-A1BF-97008C31CE65}.Debug|Any CPU.Build.0 = Debug|Any CPU
		{0F0418DC-BF05-470C-A1BF-97008C31CE65}.Release|Any CPU.ActiveCfg = Release|Any CPU
		{0F0418DC-BF05-470C-A1BF-97008C31CE65}.Release|Any CPU.Build.0 = Release|Any CPU
	EndGlobalSection
	GlobalSection(SolutionProperties) = preSolution
		HideSolutionNode = FALSE
	EndGlobalSection
	GlobalSection(ExtensibilityGlobals) = postSolution
		SolutionGuid = {8384B16C-A237-4F5A-9194-F61A72EB9687}
	EndGlobalSection
EndGlobal
